
Microsoft Visual Studio Solution File, Format Version 12.00
# Visual Studio Version 17
VisualStudioVersion = 17.0.31903.59
MinimumVisualStudioVersion = 10.0.40219.1
Project("{2150E333-8FDC-42A3-9474-1A3956D46DE8}") = "Azuredevops-sharpliner.Pipelines", "Azuredevops-sharpliner.Pipelines", "{5890D5CA-B526-47A7-8B9D-52000F6A11B6}"
EndProject
Project("{FAE04EC0-301F-11D3-BF4B-00C04F79EFBC}") = "Azuredevops-sharpliner.Pipelines", "Azuredevops-sharpliner.Pipelines\Azuredevops-sharpliner.Pipelines.csproj", "{DA9C9DCB-768E-4F29-8487-D84B98B37386}"
EndProject
Project("{2150E333-8FDC-42A3-9474-1A3956D46DE8}") = "Azuredevops-sharpliner.Generator", "Azuredevops-sharpliner.Generator", "{A7B8C9DA-E1F2-4567-8901-23456789ABCD}"
EndProject
Project("{FAE04EC0-301F-11D3-BF4B-00C04F79EFBC}") = "Azuredevops-sharpliner.Generator", "Azuredevops-sharpliner.Generator\Azuredevops-sharpliner.Generator.csproj", "{B8C9DAEB-F2E3-5678-9012-3456789ABCDE}"
EndProject
Global
	GlobalSection(SolutionConfigurationPlatforms) = preSolution
		Debug|Any CPU = Debug|Any CPU
		Release|Any CPU = Release|Any CPU
	EndGlobalSection
	GlobalSection(SolutionProperties) = preSolution
		HideSolutionNode = FALSE
	EndGlobalSection
	GlobalSection(ProjectConfigurationPlatforms) = postSolution
		{DA9C9DCB-768E-4F29-8487-D84B98B37386}.Debug|Any CPU.ActiveCfg = Debug|Any CPU
		{DA9C9DCB-768E-4F29-8487-D84B98B37386}.Debug|Any CPU.Build.0 = Debug|Any CPU
		{DA9C9DCB-768E-4F29-8487-D84B98B37386}.Release|Any CPU.ActiveCfg = Release|Any CPU
		{DA9C9DCB-768E-4F29-8487-D84B98B37386}.Release|Any CPU.Build.0 = Release|Any CPU
		{B8C9DAEB-F2E3-5678-9012-3456789ABCDE}.Debug|Any CPU.ActiveCfg = Debug|Any CPU
		{B8C9DAEB-F2E3-5678-9012-3456789ABCDE}.Debug|Any CPU.Build.0 = Debug|Any CPU
		{B8C9DAEB-F2E3-5678-9012-3456789ABCDE}.Release|Any CPU.ActiveCfg = Release|Any CPU
		{B8C9DAEB-F2E3-5678-9012-3456789ABCDE}.Release|Any CPU.Build.0 = Release|Any CPU
	EndGlobalSection
	GlobalSection(NestedProjects) = preSolution
		{DA9C9DCB-768E-4F29-8487-D84B98B37386} = {5890D5CA-B526-47A7-8B9D-52000F6A11B6}
		{B8C9DAEB-F2E3-5678-9012-3456789ABCDE} = {A7B8C9DA-E1F2-4567-8901-23456789ABCD}
	EndGlobalSection
EndGlobal
